
Microsoft Visual Studio Solution File, Format Version 12.00
# Visual Studio Version 16
VisualStudioVersion = 16.0.29905.134
MinimumVisualStudioVersion = 10.0.40219.1
Project("{9A19103F-16F7-4668-BE54-9A1E7A4F7556}") = "FizzBuzz", "FizzBuzz\FizzBuzz.csproj", "{9B1C75D4-E354-415D-9680-A6E3C79A6E47}"
EndProject
Project("{FAE04EC0-301F-11D3-BF4B-00C04F79EFBC}") = "Palindrom", "Palindrom\Palindrom.csproj", "{03168F0C-09AD-474C-ADE5-FD5937F86A79}"
EndProject
Project("{FAE04EC0-301F-11D3-BF4B-00C04F79EFBC}") = "Anagram", "Anagram\Anagram.csproj", "{890F4577-4B79-43E4-B10B-E96CA9E9B97B}"
EndProject
Project("{FAE04EC0-301F-11D3-BF4B-00C04F79EFBC}") = "BinaryForm", "BinaryForm\BinaryForm.csproj", "{4AFD34C1-DD0C-472F-893F-52D2ADEC8844}"
EndProject
Project("{FAE04EC0-301F-11D3-BF4B-00C04F79EFBC}") = "LinkedList", "LinkedList\LinkedList.csproj", "{A8A13326-2B00-4A39-A2D4-3A6317E29C9C}"
EndProject
Project("{FAE04EC0-301F-11D3-BF4B-00C04F79EFBC}") = "BTS", "BTS\BTS.csproj", "{D44DF52A-09B8-4E27-9265-4B15F8437B6E}"
EndProject
Global
	GlobalSection(SolutionConfigurationPlatforms) = preSolution
		Debug|Any CPU = Debug|Any CPU
		Release|Any CPU = Release|Any CPU
	EndGlobalSection
	GlobalSection(ProjectConfigurationPlatforms) = postSolution
		{9B1C75D4-E354-415D-9680-A6E3C79A6E47}.Debug|Any CPU.ActiveCfg = Debug|Any CPU
		{9B1C75D4-E354-415D-9680-A6E3C79A6E47}.Debug|Any CPU.Build.0 = Debug|Any CPU
		{9B1C75D4-E354-415D-9680-A6E3C79A6E47}.Release|Any CPU.ActiveCfg = Release|Any CPU
		{9B1C75D4-E354-415D-9680-A6E3C79A6E47}.Release|Any CPU.Build.0 = Release|Any CPU
		{03168F0C-09AD-474C-ADE5-FD5937F86A79}.Debug|Any CPU.ActiveCfg = Debug|Any CPU
		{03168F0C-09AD-474C-ADE5-FD5937F86A79}.Debug|Any CPU.Build.0 = Debug|Any CPU
		{03168F0C-09AD-474C-ADE5-FD5937F86A79}.Release|Any CPU.ActiveCfg = Release|Any CPU
		{03168F0C-09AD-474C-ADE5-FD5937F86A79}.Release|Any CPU.Build.0 = Release|Any CPU
		{890F4577-4B79-43E4-B10B-E96CA9E9B97B}.Debug|Any CPU.ActiveCfg = Debug|Any CPU
		{890F4577-4B79-43E4-B10B-E96CA9E9B97B}.Debug|Any CPU.Build.0 = Debug|Any CPU
		{890F4577-4B79-43E4-B10B-E96CA9E9B97B}.Release|Any CPU.ActiveCfg = Release|Any CPU
		{890F4577-4B79-43E4-B10B-E96CA9E9B97B}.Release|Any CPU.Build.0 = Release|Any CPU
		{4AFD34C1-DD0C-472F-893F-52D2ADEC8844}.Debug|Any CPU.ActiveCfg = Debug|Any CPU
		{4AFD34C1-DD0C-472F-893F-52D2ADEC8844}.Debug|Any CPU.Build.0 = Debug|Any CPU
		{4AFD34C1-DD0C-472F-893F-52D2ADEC8844}.Release|Any CPU.ActiveCfg = Release|Any CPU
		{4AFD34C1-DD0C-472F-893F-52D2ADEC8844}.Release|Any CPU.Build.0 = Release|Any CPU
		{A8A13326-2B00-4A39-A2D4-3A6317E29C9C}.Debug|Any CPU.ActiveCfg = Debug|Any CPU
		{A8A13326-2B00-4A39-A2D4-3A6317E29C9C}.Debug|Any CPU.Build.0 = Debug|Any CPU
		{A8A13326-2B00-4A39-A2D4-3A6317E29C9C}.Release|Any CPU.ActiveCfg = Release|Any CPU
		{A8A13326-2B00-4A39-A2D4-3A6317E29C9C}.Release|Any CPU.Build.0 = Release|Any CPU
		{D44DF52A-09B8-4E27-9265-4B15F8437B6E}.Debug|Any CPU.ActiveCfg = Debug|Any CPU
		{D44DF52A-09B8-4E27-9265-4B15F8437B6E}.Debug|Any CPU.Build.0 = Debug|Any CPU
		{D44DF52A-09B8-4E27-9265-4B15F8437B6E}.Release|Any CPU.ActiveCfg = Release|Any CPU
		{D44DF52A-09B8-4E27-9265-4B15F8437B6E}.Release|Any CPU.Build.0 = Release|Any CPU
	EndGlobalSection
	GlobalSection(SolutionProperties) = preSolution
		HideSolutionNode = FALSE
	EndGlobalSection
	GlobalSection(ExtensibilityGlobals) = postSolution
		SolutionGuid = {D1876CB5-18FC-4142-900D-2C2ACE23A6AF}
	EndGlobalSection
EndGlobal
